{
  "meteor": {},
  "dependencies": {
    "basePackages": {
      "autoform": {},
      "autoform-extension": {},
      "bootstrap-3": {}
    },
    "packages": {
      "autoform": {
        "git": "https://github.com/aldeed/meteor-autoform.git",
        "tag": "v0.10.0",
        "commit": "4b298a025679a7e51892a884c11301c1d6bf19b3"
      },
      "autoform-extension": {
        "git": "https://github.com/miguelalarcos/autoform-extension.git",
        "tag": "v0.1.4",
        "commit": "18ee32ed57f11333db5c4d34c6f4a2503b341c1d"
      },
      "bootstrap-3": {
        "git": "https://github.com/mangasocial/meteor-bootstrap-3.git",
        "tag": "v3.1.1-1",
        "commit": "63dd38968828bb8963636df93e9a1c45e2dfe67e"
      },
      "simple-schema": {
        "git": "https://github.com/aldeed/meteor-simple-schema.git",
        "tag": "v0.5.1",
        "commit": "a29956b34d03a4591dbd0eaed9d37009ef48b8db"
      },
      "collection2": {
        "git": "https://github.com/aldeed/meteor-collection2.git",
        "tag": "v0.3.11",
        "commit": "7e970671305657678e8508d8107d5e6c5e158559"
      },
      "moment": {
        "git": "https://github.com/acreeger/meteor-moment.git",
        "tag": "v2.6.0",
        "commit": "26156df681750fd6e6ed77043eef32b6653ebbdf"
      },
      "typeahead": {
        "git": "https://github.com/sergeyt/meteor-typeahead.git",
        "tag": "v0.0.9",
        "commit": "6aa2228a7cc93e89e94520bd60f1af4e7542dfcf"
      },
      "bootstrap3-datetimepicker": {
        "git": "https://github.com/tsega/meteor-bootstrap3-datetimepicker.git",
        "tag": "v0.0.5",
        "commit": "30b5fa0759f98b75761772ad891876408f7cc8c4"
      }
    }
  }
}
